{
    "_meta": {
        "hash": {
            "sha256": "0afd6d2e172ec9d083c71e9407aea09cc4128083d5ed14510ab0da68c55ca92a"
        },
        "pipfile-spec": 6,
        "requires": {
            "python_version": "3.8"
        },
        "sources": [
            {
                "name": "pypi",
                "url": "https://pypi.org/simple",
                "verify_ssl": true
            }
        ]
    },
    "default": {},
    "develop": {}
}
